
Microsoft Visual Studio Solution File, Format Version 12.00
# Visual Studio Version 17
VisualStudioVersion = 17.8.34219.65
MinimumVisualStudioVersion = 10.0.40219.1
Project("{9A19103F-16F7-4668-BE54-9A1E7A4F7556}") = "AccessTo.Web", "AccessTo.Web\AccessTo.Web.csproj", "{607BA472-AB1A-47AD-910D-47F795FC08FB}"
EndProject
Project("{FAE04EC0-301F-11D3-BF4B-00C04F79EFBC}") = "AccessToAuth.Data", "AccessToAuth.Data\AccessToAuth.Data.csproj", "{FF80737D-B992-4ACE-B79D-9E20B3CD244C}"
EndProject
Global
	GlobalSection(SolutionConfigurationPlatforms) = preSolution
		Debug|Any CPU = Debug|Any CPU
		Release|Any CPU = Release|Any CPU
	EndGlobalSection
	GlobalSection(ProjectConfigurationPlatforms) = postSolution
		{607BA472-AB1A-47AD-910D-47F795FC08FB}.Debug|Any CPU.ActiveCfg = Debug|Any CPU
		{607BA472-AB1A-47AD-910D-47F795FC08FB}.Debug|Any CPU.Build.0 = Debug|Any CPU
		{607BA472-AB1A-47AD-910D-47F795FC08FB}.Release|Any CPU.ActiveCfg = Release|Any CPU
		{607BA472-AB1A-47AD-910D-47F795FC08FB}.Release|Any CPU.Build.0 = Release|Any CPU
		{FF80737D-B992-4ACE-B79D-9E20B3CD244C}.Debug|Any CPU.ActiveCfg = Debug|Any CPU
		{FF80737D-B992-4ACE-B79D-9E20B3CD244C}.Debug|Any CPU.Build.0 = Debug|Any CPU
		{FF80737D-B992-4ACE-B79D-9E20B3CD244C}.Release|Any CPU.ActiveCfg = Release|Any CPU
		{FF80737D-B992-4ACE-B79D-9E20B3CD244C}.Release|Any CPU.Build.0 = Release|Any CPU
	EndGlobalSection
	GlobalSection(SolutionProperties) = preSolution
		HideSolutionNode = FALSE
	EndGlobalSection
	GlobalSection(ExtensibilityGlobals) = postSolution
		SolutionGuid = {A20A04FA-D35E-47BD-9528-414BC7A40B51}
	EndGlobalSection
EndGlobal
